# generated by rye
# use `rye lock` or `rye sync` to update this lockfile
#
# last locked with the following flags:
#   pre: false
#   features: []
#   all-features: false
#   with-sources: false
#   generate-hashes: false
#   universal: false

-e file:.
jax==0.5.1
    # via seher
jaxlib==0.5.1
    # via jax
ml-dtypes==0.5.1
    # via jax
    # via jaxlib
numpy==2.2.3
    # via jax
    # via jaxlib
    # via ml-dtypes
    # via scipy
opt-einsum==3.4.0
    # via jax
scipy==1.15.2
    # via jax
    # via jaxlib
    # via seher
