# generated by rye
# use `rye lock` or `rye sync` to update this lockfile
#
# last locked with the following flags:
#   pre: false
#   features: []
#   all-features: false
#   with-sources: false
#   generate-hashes: false
#   universal: false

-e file:.
absl-py==2.1.0
    # via brax
    # via chex
    # via dm-control
    # via dm-env
    # via dm-tree
    # via labmaze
    # via ml-collections
    # via mujoco
    # via mujoco-mjx
    # via optax
    # via orbax-checkpoint
alembic==1.15.1
    # via optuna
attrs==25.1.0
    # via dm-tree
blinker==1.9.0
    # via flask
bottle==0.13.2
    # via optuna-dashboard
brax==0.12.1
    # via playground
certifi==2025.1.31
    # via requests
charset-normalizer==3.4.1
    # via requests
chex==0.1.89
    # via optax
click==8.1.8
    # via flask
cloudpickle==3.1.1
    # via gym
colorlog==6.9.0
    # via optuna
contourpy==1.3.2
    # via matplotlib
cycler==0.12.1
    # via matplotlib
decorator==5.2.1
    # via moviepy
defopt==6.4.0
    # via seher
dm-control==1.0.27
    # via seher
dm-env==1.6
    # via brax
    # via dm-control
dm-tree==0.1.9
    # via dm-control
    # via dm-env
docutils==0.21.2
    # via defopt
etils==1.12.0
    # via brax
    # via mujoco
    # via mujoco-mjx
    # via optax
    # via orbax-checkpoint
    # via playground
flask==3.1.0
    # via brax
    # via flask-cors
flask-cors==5.0.1
    # via brax
flax==0.10.4
    # via brax
    # via playground
    # via seher
fonttools==4.58.4
    # via matplotlib
fsspec==2025.2.0
    # via etils
gitdb==4.0.12
    # via gitpython
gitpython==3.1.44
    # via robot-descriptions
glfw==2.8.0
    # via dm-control
    # via mujoco
grpcio==1.70.0
    # via brax
gym==0.26.2
    # via brax
gym-notices==0.0.8
    # via gym
humanize==4.12.1
    # via orbax-checkpoint
idna==3.10
    # via requests
imageio==2.37.0
    # via moviepy
imageio-ffmpeg==0.6.0
    # via moviepy
importlib-resources==6.5.2
    # via etils
itsdangerous==2.2.0
    # via flask
jax==0.6.1
    # via brax
    # via chex
    # via flax
    # via jaxopt
    # via mujoco-mjx
    # via optax
    # via orbax-checkpoint
    # via playground
    # via seher
jaxlib==0.6.1
    # via brax
    # via chex
    # via jax
    # via jaxopt
    # via mujoco-mjx
    # via optax
    # via seher
jaxopt==0.8.3
    # via brax
jinja2==3.1.5
    # via brax
    # via flask
joblib==1.4.2
    # via scikit-learn
kiwisolver==1.4.8
    # via matplotlib
labmaze==1.0.6
    # via dm-control
lxml==5.3.1
    # via dm-control
    # via playground
mako==1.3.9
    # via alembic
markdown-it-py==3.0.0
    # via rich
markupsafe==3.0.2
    # via jinja2
    # via mako
    # via werkzeug
matplotlib==3.10.3
    # via seher
mdurl==0.1.2
    # via markdown-it-py
ml-collections==1.0.0
    # via brax
    # via playground
ml-dtypes==0.5.1
    # via jax
    # via jaxlib
    # via tensorstore
moviepy==2.1.2
    # via seher
msgpack==1.1.0
    # via flax
    # via orbax-checkpoint
mujoco==3.3.0
    # via brax
    # via dm-control
    # via mujoco-mjx
    # via playground
mujoco-mjx==3.3.0
    # via brax
    # via playground
    # via seher
nest-asyncio==1.6.0
    # via orbax-checkpoint
numpy==2.2.3
    # via brax
    # via chex
    # via contourpy
    # via dm-control
    # via dm-env
    # via dm-tree
    # via flax
    # via gym
    # via imageio
    # via jax
    # via jaxlib
    # via jaxopt
    # via labmaze
    # via matplotlib
    # via ml-dtypes
    # via moviepy
    # via mujoco
    # via optax
    # via optuna
    # via orbax-checkpoint
    # via scikit-learn
    # via scipy
    # via tensorboardx
    # via tensorstore
    # via treescope
    # via trimesh
opt-einsum==3.4.0
    # via jax
optax==0.2.4
    # via brax
    # via flax
    # via seher
optuna==4.2.1
    # via optuna-dashboard
    # via seher
optuna-dashboard==0.17.0
    # via seher
orbax-checkpoint==0.11.5
    # via brax
    # via flax
packaging==24.2
    # via matplotlib
    # via optuna
    # via optuna-dashboard
    # via tensorboardx
pillow==10.4.0
    # via brax
    # via imageio
    # via matplotlib
    # via moviepy
playground==0.0.3
    # via seher
plotext==5.3.2
    # via seher
pockets==0.9.1
    # via sphinxcontrib-napoleon
proglog==0.1.10
    # via moviepy
protobuf==5.29.3
    # via dm-control
    # via orbax-checkpoint
    # via tensorboardx
pygments==2.19.1
    # via rich
pyopengl==3.1.9
    # via dm-control
    # via mujoco
pyparsing==3.2.1
    # via dm-control
    # via matplotlib
python-dateutil==2.9.0.post0
    # via matplotlib
python-dotenv==1.0.1
    # via moviepy
pytinyrenderer==0.0.14
    # via brax
pyyaml==6.0.2
    # via flax
    # via ml-collections
    # via optuna
    # via orbax-checkpoint
requests==2.32.3
    # via dm-control
rich==13.9.4
    # via flax
    # via seher
robot-descriptions==1.15.0
    # via seher
scikit-learn==1.6.1
    # via optuna-dashboard
scipy==1.15.2
    # via brax
    # via dm-control
    # via jax
    # via jaxlib
    # via jaxopt
    # via mujoco-mjx
    # via scikit-learn
    # via seher
setuptools==75.8.2
    # via chex
    # via dm-control
    # via labmaze
simplejson==3.20.1
    # via orbax-checkpoint
six==1.17.0
    # via ml-collections
    # via pockets
    # via python-dateutil
    # via sphinxcontrib-napoleon
smmap==5.0.2
    # via gitdb
sphinxcontrib-napoleon==0.7
    # via defopt
sqlalchemy==2.0.39
    # via alembic
    # via optuna
tensorboardx==2.6.2.2
    # via brax
tensorstore==0.1.72
    # via flax
    # via orbax-checkpoint
threadpoolctl==3.6.0
    # via scikit-learn
toolz==1.0.0
    # via chex
tqdm==4.67.1
    # via dm-control
    # via optuna
    # via playground
    # via proglog
    # via robot-descriptions
treescope==0.1.9
    # via flax
trimesh==4.6.4
    # via brax
    # via mujoco-mjx
typing-extensions==4.12.2
    # via alembic
    # via brax
    # via chex
    # via etils
    # via flax
    # via orbax-checkpoint
    # via sqlalchemy
urllib3==2.3.0
    # via requests
werkzeug==3.1.3
    # via flask
    # via flask-cors
wrapt==1.17.2
    # via dm-tree
zipp==3.21.0
    # via etils
